
Microsoft Visual Studio Solution File, Format Version 12.00
# Visual Studio Version 16
VisualStudioVersion = 16.0.28922.388
MinimumVisualStudioVersion = 10.0.40219.1
Project("{FAE04EC0-301F-11D3-BF4B-00C04F79EFBC}") = "Winmoji", "Winmoji\Winmoji.csproj", "{0F96B107-6E24-4D51-B26F-64D57A3F2C76}"
EndProject
Global
	GlobalSection(SolutionConfigurationPlatforms) = preSolution
		Debug|Any CPU = Debug|Any CPU
		Release|Any CPU = Release|Any CPU
	EndGlobalSection
	GlobalSection(ProjectConfigurationPlatforms) = postSolution
		{0F96B107-6E24-4D51-B26F-64D57A3F2C76}.Debug|Any CPU.ActiveCfg = Debug|Any CPU
		{0F96B107-6E24-4D51-B26F-64D57A3F2C76}.Debug|Any CPU.Build.0 = Debug|Any CPU
		{0F96B107-6E24-4D51-B26F-64D57A3F2C76}.Release|Any CPU.ActiveCfg = Release|Any CPU
		{0F96B107-6E24-4D51-B26F-64D57A3F2C76}.Release|Any CPU.Build.0 = Release|Any CPU
	EndGlobalSection
	GlobalSection(SolutionProperties) = preSolution
		HideSolutionNode = FALSE
	EndGlobalSection
	GlobalSection(ExtensibilityGlobals) = postSolution
		SolutionGuid = {0CE47F46-6D1D-4E85-A8FC-C6DA7CDCE911}
	EndGlobalSection
EndGlobal
